{
  "name": "technoOk",
  "lockfileVersion": 3,
  "requires": true,
  "packages": {
    "": {
      "dependencies": {
        "apexcharts": "^6.7.0",
        "ng-apexcharts": "^3.0.0"
      }
    },
    "node_modules/apexcharts": {
      "version": "6.7.0",
      "resolved": "https://registry.npmjs.org/apexcharts/-/apexcharts-6.7.0.tgz",
      "integrity": "sha512-1Z8AACzw2W2I/JOLh2jHVVHWYtOIf1Yr9/A99r1+YJwb31V2Wmi4fzfscWOJAAf47nW4qRWvLm+ZLEm0GeiqjQ==",
      "license": "SEE LICENSE IN LICENSE",
      "engines": {
        "node": "^20.19.0 || ^22.12.0 || >=24.0.0"
      }
    },
    "node_modules/ng-apexcharts": {
      "version": "3.0.0",
      "resolved": "https://registry.npmjs.org/ng-apexcharts/-/ng-apexcharts-3.0.0.tgz",
      "integrity": "sha512-5SRPhvq31hEiS+acaLi0IHkZb+HV5lJCqS3OQk4HlpKR0connCO0SCxmpBvhqgHJQ+BD+Ln2oXc/NpDtphCWmw==",
      "dependencies": {
        "tslib": "^2.8.1"
      },
      "peerDependencies": {
        "@angular/common": ">=20.0.0",
        "@angular/core": ">=20.0.0",
        "apexcharts": "^6.0.0",
        "rxjs": "^7.8.2"
      }
    },
    "node_modules/tslib": {
      "version": "2.8.1",
      "resolved": "https://registry.npmjs.org/tslib/-/tslib-2.8.1.tgz",
      "integrity": "sha512-oJFu94HQb+KVduSUQL7wnpmqnfmLsOA/nAh6b6EH0wCEoK0/mPeXU6c3wKDV83MkOuHPRHtSXKKU99IBazS/2w==",
      "license": "0BSD"
    }
  }
}
